
Microsoft Visual Studio Solution File, Format Version 12.00
# Visual Studio Version 17
VisualStudioVersion = 17.2.32616.157
MinimumVisualStudioVersion = 10.0.40219.1
Project("{9A19103F-16F7-4668-BE54-9A1E7A4F7556}") = "Clist", "CList\Clist.csproj", "{05C4E890-1209-4B53-AC2D-2B995D1961EC}"
EndProject
Project("{9A19103F-16F7-4668-BE54-9A1E7A4F7556}") = "CDictionary", "CDictionary\CDictionary.csproj", "{CDD47D6F-CB28-414E-A788-FCB7DAD46F37}"
EndProject
Project("{9A19103F-16F7-4668-BE54-9A1E7A4F7556}") = "Cstack", "Cstack\Cstack.csproj", "{8E2186AE-A75B-4171-BE0C-37448D0516CB}"
EndProject
Project("{9A19103F-16F7-4668-BE54-9A1E7A4F7556}") = "CQueue", "Queue\CQueue.csproj", "{3D766F40-B8AD-464B-B72A-442E9A29E85C}"
EndProject
Global
	GlobalSection(SolutionConfigurationPlatforms) = preSolution
		Debug|Any CPU = Debug|Any CPU
		Release|Any CPU = Release|Any CPU
	EndGlobalSection
	GlobalSection(ProjectConfigurationPlatforms) = postSolution
		{05C4E890-1209-4B53-AC2D-2B995D1961EC}.Debug|Any CPU.ActiveCfg = Debug|Any CPU
		{05C4E890-1209-4B53-AC2D-2B995D1961EC}.Debug|Any CPU.Build.0 = Debug|Any CPU
		{05C4E890-1209-4B53-AC2D-2B995D1961EC}.Release|Any CPU.ActiveCfg = Release|Any CPU
		{05C4E890-1209-4B53-AC2D-2B995D1961EC}.Release|Any CPU.Build.0 = Release|Any CPU
		{CDD47D6F-CB28-414E-A788-FCB7DAD46F37}.Debug|Any CPU.ActiveCfg = Debug|Any CPU
		{CDD47D6F-CB28-414E-A788-FCB7DAD46F37}.Debug|Any CPU.Build.0 = Debug|Any CPU
		{CDD47D6F-CB28-414E-A788-FCB7DAD46F37}.Release|Any CPU.ActiveCfg = Release|Any CPU
		{CDD47D6F-CB28-414E-A788-FCB7DAD46F37}.Release|Any CPU.Build.0 = Release|Any CPU
		{8E2186AE-A75B-4171-BE0C-37448D0516CB}.Debug|Any CPU.ActiveCfg = Debug|Any CPU
		{8E2186AE-A75B-4171-BE0C-37448D0516CB}.Debug|Any CPU.Build.0 = Debug|Any CPU
		{8E2186AE-A75B-4171-BE0C-37448D0516CB}.Release|Any CPU.ActiveCfg = Release|Any CPU
		{8E2186AE-A75B-4171-BE0C-37448D0516CB}.Release|Any CPU.Build.0 = Release|Any CPU
		{3D766F40-B8AD-464B-B72A-442E9A29E85C}.Debug|Any CPU.ActiveCfg = Debug|Any CPU
		{3D766F40-B8AD-464B-B72A-442E9A29E85C}.Debug|Any CPU.Build.0 = Debug|Any CPU
		{3D766F40-B8AD-464B-B72A-442E9A29E85C}.Release|Any CPU.ActiveCfg = Release|Any CPU
		{3D766F40-B8AD-464B-B72A-442E9A29E85C}.Release|Any CPU.Build.0 = Release|Any CPU
	EndGlobalSection
	GlobalSection(SolutionProperties) = preSolution
		HideSolutionNode = FALSE
	EndGlobalSection
	GlobalSection(ExtensibilityGlobals) = postSolution
		SolutionGuid = {FCE7193A-7F14-440C-A07A-3A4A17534960}
	EndGlobalSection
EndGlobal
